
Microsoft Visual Studio Solution File, Format Version 12.00
# Visual Studio 15
VisualStudioVersion = 15.0.27004.2008
MinimumVisualStudioVersion = 10.0.40219.1
Project("{9A19103F-16F7-4668-BE54-9A1E7A4F7556}") = "RxMqtt.Shared", "RxMqtt.Shared\RxMqtt.Shared.csproj", "{62A614E5-322D-4601-9F09-61966318F9AE}"
EndProject
Project("{9A19103F-16F7-4668-BE54-9A1E7A4F7556}") = "RxMqtt.Broker", "RxMqtt.Broker\RxMqtt.Broker.csproj", "{5E2BF962-A6EF-4D42-83C8-2E04B877D2D4}"
EndProject
Project("{FAE04EC0-301F-11D3-BF4B-00C04F79EFBC}") = "RxMqtt.Broker.Console", "RsMqtt.Broker.Console\RxMqtt.Broker.Console.csproj", "{02B4BB15-8613-42AC-AA40-9BC407E22DBB}"
EndProject
Global
	GlobalSection(SolutionConfigurationPlatforms) = preSolution
		Debug|Any CPU = Debug|Any CPU
		Release|Any CPU = Release|Any CPU
	EndGlobalSection
	GlobalSection(ProjectConfigurationPlatforms) = postSolution
		{62A614E5-322D-4601-9F09-61966318F9AE}.Debug|Any CPU.ActiveCfg = Debug|Any CPU
		{62A614E5-322D-4601-9F09-61966318F9AE}.Debug|Any CPU.Build.0 = Debug|Any CPU
		{62A614E5-322D-4601-9F09-61966318F9AE}.Release|Any CPU.ActiveCfg = Release|Any CPU
		{62A614E5-322D-4601-9F09-61966318F9AE}.Release|Any CPU.Build.0 = Release|Any CPU
		{5E2BF962-A6EF-4D42-83C8-2E04B877D2D4}.Debug|Any CPU.ActiveCfg = Debug|Any CPU
		{5E2BF962-A6EF-4D42-83C8-2E04B877D2D4}.Debug|Any CPU.Build.0 = Debug|Any CPU
		{5E2BF962-A6EF-4D42-83C8-2E04B877D2D4}.Release|Any CPU.ActiveCfg = Release|Any CPU
		{5E2BF962-A6EF-4D42-83C8-2E04B877D2D4}.Release|Any CPU.Build.0 = Release|Any CPU
		{02B4BB15-8613-42AC-AA40-9BC407E22DBB}.Debug|Any CPU.ActiveCfg = Debug|Any CPU
		{02B4BB15-8613-42AC-AA40-9BC407E22DBB}.Debug|Any CPU.Build.0 = Debug|Any CPU
		{02B4BB15-8613-42AC-AA40-9BC407E22DBB}.Release|Any CPU.ActiveCfg = Release|Any CPU
		{02B4BB15-8613-42AC-AA40-9BC407E22DBB}.Release|Any CPU.Build.0 = Release|Any CPU
	EndGlobalSection
	GlobalSection(SolutionProperties) = preSolution
		HideSolutionNode = FALSE
	EndGlobalSection
	GlobalSection(ExtensibilityGlobals) = postSolution
		SolutionGuid = {49CB625F-D4BB-414F-9AE2-97D0557A475B}
	EndGlobalSection
EndGlobal
